// !$*UTF8*$!
{
	archiveVersion = 1;
	classes = {
	};
	objectVersion = 46;
	objects = {

/* Begin PBXBuildFile section */
		8A2D9B951804CCC000327275 /* Foundation.framework in Frameworks */ = {isa = PBXBuildFile; fileRef = 8A2D9B941804CCC000327275 /* Foundation.framework */; };
		8A2D9B971804CCC000327275 /* CoreGraphics.framework in Frameworks */ = {isa = PBXBuildFile; fileRef = 8A2D9B961804CCC000327275 /* CoreGraphics.framework */; };
		8A2D9B991804CCC000327275 /* UIKit.framework in Frameworks */ = {isa = PBXBuildFile; fileRef = 8A2D9B981804CCC000327275 /* UIKit.framework */; };
		8A2D9B9B1804CCC000327275 /* SpriteKit.framework in Frameworks */ = {isa = PBXBuildFile; fileRef = 8A2D9B9A1804CCC000327275 /* SpriteKit.framework */; };
		8A2D9BA11804CCC000327275 /* InfoPlist.strings in Resources */ = {isa = PBXBuildFile; fileRef = 8A2D9B9F1804CCC000327275 /* InfoPlist.strings */; };
		8A2D9BA31804CCC000327275 /* main.m in Sources */ = {isa = PBXBuildFile; fileRef = 8A2D9BA21804CCC000327275 /* main.m */; };
		8A2D9BA71804CCC000327275 /* AppDelegate.m in Sources */ = {isa = PBXBuildFile; fileRef = 8A2D9BA61804CCC000327275 /* AppDelegate.m */; };
		8A2D9BAA1804CCC000327275 /* Main.storyboard in Resources */ = {isa = PBXBuildFile; fileRef = 8A2D9BA81804CCC000327275 /* Main.storyboard */; };
		8A2D9BAD1804CCC000327275 /* ViewController.m in Sources */ = {isa = PBXBuildFile; fileRef = 8A2D9BAC1804CCC000327275 /* ViewController.m */; };
		8A2D9BB01804CCC000327275 /* MyScene.m in Sources */ = {isa = PBXBuildFile; fileRef = 8A2D9BAF1804CCC000327275 /* MyScene.m */; };
		8A2D9BB21804CCC100327275 /* Spaceship.png in Resources */ = {isa = PBXBuildFile; fileRef = 8A2D9BB11804CCC100327275 /* Spaceship.png */; };
		8A2D9BB41804CCC100327275 /* Images.xcassets in Resources */ = {isa = PBXBuildFile; fileRef = 8A2D9BB31804CCC100327275 /* Images.xcassets */; };
		8A2D9BBB1804CCC100327275 /* XCTest.framework in Frameworks */ = {isa = PBXBuildFile; fileRef = 8A2D9BBA1804CCC100327275 /* XCTest.framework */; };
		8A2D9BBC1804CCC100327275 /* Foundation.framework in Frameworks */ = {isa = PBXBuildFile; fileRef = 8A2D9B941804CCC000327275 /* Foundation.framework */; };
		8A2D9BBD1804CCC100327275 /* UIKit.framework in Frameworks */ = {isa = PBXBuildFile; fileRef = 8A2D9B981804CCC000327275 /* UIKit.framework */; };
		8A2D9BC51804CCC100327275 /* InfoPlist.strings in Resources */ = {isa = PBXBuildFile; fileRef = 8A2D9BC31804CCC100327275 /* InfoPlist.strings */; };
		8A2D9BC71804CCC100327275 /* SprikeKitSampleIOSTests.m in Sources */ = {isa = PBXBuildFile; fileRef = 8A2D9BC61804CCC100327275 /* SprikeKitSampleIOSTests.m */; };
		8A2D9BD51804D54D00327275 /* background-music-aac.caf in Resources */ = {isa = PBXBuildFile; fileRef = 8A2D9BD21804D54D00327275 /* background-music-aac.caf */; };
		8A2D9BD61804D54D00327275 /* pew-pew-lei.caf in Resources */ = {isa = PBXBuildFile; fileRef = 8A2D9BD31804D54D00327275 /* pew-pew-lei.caf */; };
		8A2D9BD71804D54D00327275 /* sprites.atlas in Resources */ = {isa = PBXBuildFile; fileRef = 8A2D9BD41804D54D00327275 /* sprites.atlas */; };
/* End PBXBuildFile section */

/* Begin PBXContainerItemProxy section */
		8A2D9BBE1804CCC100327275 /* PBXContainerItemProxy */ = {
			isa = PBXContainerItemProxy;
			containerPortal = 8A2D9B891804CCC000327275 /* Project object */;
			proxyType = 1;
			remoteGlobalIDString = 8A2D9B901804CCC000327275;
			remoteInfo = SprikeKitSampleIOS;
		};
/* End PBXContainerItemProxy section */

/* Begin PBXFileReference section */
		8A2D9B911804CCC000327275 /* SprikeKitSampleIOS.app */ = {isa = PBXFileReference; explicitFileType = wrapper.application; includeInIndex = 0; path = SprikeKitSampleIOS.app; sourceTree = BUILT_PRODUCTS_DIR; };
		8A2D9B941804CCC000327275 /* Foundation.framework */ = {isa = PBXFileReference; lastKnownFileType = wrapper.framework; name = Foundation.framework; path = System/Library/Frameworks/Foundation.framework; sourceTree = SDKROOT; };
		8A2D9B961804CCC000327275 /* CoreGraphics.framework */ = {isa = PBXFileReference; lastKnownFileType = wrapper.framework; name = CoreGraphics.framework; path = System/Library/Frameworks/CoreGraphics.framework; sourceTree = SDKROOT; };
		8A2D9B981804CCC000327275 /* UIKit.framework */ = {isa = PBXFileReference; lastKnownFileType = wrapper.framework; name = UIKit.framework; path = System/Library/Frameworks/UIKit.framework; sourceTree = SDKROOT; };
		8A2D9B9A1804CCC000327275 /* SpriteKit.framework */ = {isa = PBXFileReference; lastKnownFileType = wrapper.framework; name = SpriteKit.framework; path = System/Library/Frameworks/SpriteKit.framework; sourceTree = SDKROOT; };
		8A2D9B9E1804CCC000327275 /* SprikeKitSampleIOS-Info.plist */ = {isa = PBXFileReference; lastKnownFileType = text.plist.xml; path = "SprikeKitSampleIOS-Info.plist"; sourceTree = "<group>"; };
		8A2D9BA01804CCC000327275 /* en */ = {isa = PBXFileReference; lastKnownFileType = text.plist.strings; name = en; path = en.lproj/InfoPlist.strings; sourceTree = "<group>"; };
		8A2D9BA21804CCC000327275 /* main.m */ = {isa = PBXFileReference; lastKnownFileType = sourcecode.c.objc; path = main.m; sourceTree = "<group>"; };
		8A2D9BA41804CCC000327275 /* SprikeKitSampleIOS-Prefix.pch */ = {isa = PBXFileReference; lastKnownFileType = sourcecode.c.h; path = "SprikeKitSampleIOS-Prefix.pch"; sourceTree = "<group>"; };
		8A2D9BA51804CCC000327275 /* AppDelegate.h */ = {isa = PBXFileReference; lastKnownFileType = sourcecode.c.h; path = AppDelegate.h; sourceTree = "<group>"; };
		8A2D9BA61804CCC000327275 /* AppDelegate.m */ = {isa = PBXFileReference; lastKnownFileType = sourcecode.c.objc; path = AppDelegate.m; sourceTree = "<group>"; };
		8A2D9BA91804CCC000327275 /* Base */ = {isa = PBXFileReference; lastKnownFileType = file.storyboard; name = Base; path = Base.lproj/Main.storyboard; sourceTree = "<group>"; };
		8A2D9BAB1804CCC000327275 /* ViewController.h */ = {isa = PBXFileReference; lastKnownFileType = sourcecode.c.h; path = ViewController.h; sourceTree = "<group>"; };
		8A2D9BAC1804CCC000327275 /* ViewController.m */ = {isa = PBXFileReference; lastKnownFileType = sourcecode.c.objc; path = ViewController.m; sourceTree = "<group>"; };
		8A2D9BAE1804CCC000327275 /* MyScene.h */ = {isa = PBXFileReference; lastKnownFileType = sourcecode.c.h; path = MyScene.h; sourceTree = "<group>"; };
		8A2D9BAF1804CCC000327275 /* MyScene.m */ = {isa = PBXFileReference; lastKnownFileType = sourcecode.c.objc; path = MyScene.m; sourceTree = "<group>"; };
		8A2D9BB11804CCC100327275 /* Spaceship.png */ = {isa = PBXFileReference; lastKnownFileType = image.png; path = Spaceship.png; sourceTree = "<group>"; };
		8A2D9BB31804CCC100327275 /* Images.xcassets */ = {isa = PBXFileReference; lastKnownFileType = folder.assetcatalog; path = Images.xcassets; sourceTree = "<group>"; };
		8A2D9BB91804CCC100327275 /* SprikeKitSampleIOSTests.xctest */ = {isa = PBXFileReference; explicitFileType = wrapper.cfbundle; includeInIndex = 0; path = SprikeKitSampleIOSTests.xctest; sourceTree = BUILT_PRODUCTS_DIR; };
		8A2D9BBA1804CCC100327275 /* XCTest.framework */ = {isa = PBXFileReference; lastKnownFileType = wrapper.framework; name = XCTest.framework; path = Library/Frameworks/XCTest.framework; sourceTree = DEVELOPER_DIR; };
		8A2D9BC21804CCC100327275 /* SprikeKitSampleIOSTests-Info.plist */ = {isa = PBXFileReference; lastKnownFileType = text.plist.xml; path = "SprikeKitSampleIOSTests-Info.plist"; sourceTree = "<group>"; };
		8A2D9BC41804CCC100327275 /* en */ = {isa = PBXFileReference; lastKnownFileType = text.plist.strings; name = en; path = en.lproj/InfoPlist.strings; sourceTree = "<group>"; };
		8A2D9BC61804CCC100327275 /* SprikeKitSampleIOSTests.m */ = {isa = PBXFileReference; lastKnownFileType = sourcecode.c.objc; path = SprikeKitSampleIOSTests.m; sourceTree = "<group>"; };
		8A2D9BD21804D54D00327275 /* background-music-aac.caf */ = {isa = PBXFileReference; lastKnownFileType = file; path = "background-music-aac.caf"; sourceTree = "<group>"; };
		8A2D9BD31804D54D00327275 /* pew-pew-lei.caf */ = {isa = PBXFileReference; lastKnownFileType = file; path = "pew-pew-lei.caf"; sourceTree = "<group>"; };
		8A2D9BD41804D54D00327275 /* sprites.atlas */ = {isa = PBXFileReference; lastKnownFileType = folder.skatlas; path = sprites.atlas; sourceTree = "<group>"; };
/* End PBXFileReference section */

/* Begin PBXFrameworksBuildPhase section */
		8A2D9B8E1804CCC000327275 /* Frameworks */ = {
			isa = PBXFrameworksBuildPhase;
			buildActionMask = 2147483647;
			files = (
				8A2D9B971804CCC000327275 /* CoreGraphics.framework in Frameworks */,
				8A2D9B991804CCC000327275 /* UIKit.framework in Frameworks */,
				8A2D9B9B1804CCC000327275 /* SpriteKit.framework in Frameworks */,
				8A2D9B951804CCC000327275 /* Foundation.framework in Frameworks */,
			);
			runOnlyForDeploymentPostprocessing = 0;
		};
		8A2D9BB61804CCC100327275 /* Frameworks */ = {
			isa = PBXFrameworksBuildPhase;
			buildActionMask = 2147483647;
			files = (
				8A2D9BBB1804CCC100327275 /* XCTest.framework in Frameworks */,
				8A2D9BBD1804CCC100327275 /* UIKit.framework in Frameworks */,
				8A2D9BBC1804CCC100327275 /* Foundation.framework in Frameworks */,
			);
			runOnlyForDeploymentPostprocessing = 0;
		};
/* End PBXFrameworksBuildPhase section */

/* Begin PBXGroup section */
		8A2D9B881804CCC000327275 = {
			isa = PBXGroup;
			children = (
				8A2D9BD01804D54D00327275 /* SpriteKitSimpleGameResources */,
				8A2D9B9C1804CCC000327275 /* SprikeKitSampleIOS */,
				8A2D9BC01804CCC100327275 /* SprikeKitSampleIOSTests */,
				8A2D9B931804CCC000327275 /* Frameworks */,
				8A2D9B921804CCC000327275 /* Products */,
			);
			sourceTree = "<group>";
		};
		8A2D9B921804CCC000327275 /* Products */ = {
			isa = PBXGroup;
			children = (
				8A2D9B911804CCC000327275 /* SprikeKitSampleIOS.app */,
				8A2D9BB91804CCC100327275 /* SprikeKitSampleIOSTests.xctest */,
			);
			name = Products;
			sourceTree = "<group>";
		};
		8A2D9B931804CCC000327275 /* Frameworks */ = {
			isa = PBXGroup;
			children = (
				8A2D9B941804CCC000327275 /* Foundation.framework */,
				8A2D9B961804CCC000327275 /* CoreGraphics.framework */,
				8A2D9B981804CCC000327275 /* UIKit.framework */,
				8A2D9B9A1804CCC000327275 /* SpriteKit.framework */,
				8A2D9BBA1804CCC100327275 /* XCTest.framework */,
			);
			name = Frameworks;
			sourceTree = "<group>";
		};
		8A2D9B9C1804CCC000327275 /* SprikeKitSampleIOS */ = {
			isa = PBXGroup;
			children = (
				8A2D9BA51804CCC000327275 /* AppDelegate.h */,
				8A2D9BA61804CCC000327275 /* AppDelegate.m */,
				8A2D9BA81804CCC000327275 /* Main.storyboard */,
				8A2D9BAB1804CCC000327275 /* ViewController.h */,
				8A2D9BAC1804CCC000327275 /* ViewController.m */,
				8A2D9BAE1804CCC000327275 /* MyScene.h */,
				8A2D9BAF1804CCC000327275 /* MyScene.m */,
				8A2D9BB11804CCC100327275 /* Spaceship.png */,
				8A2D9BB31804CCC100327275 /* Images.xcassets */,
				8A2D9B9D1804CCC000327275 /* Supporting Files */,
			);
			path = SprikeKitSampleIOS;
			sourceTree = "<group>";
		};
		8A2D9B9D1804CCC000327275 /* Supporting Files */ = {
			isa = PBXGroup;
			children = (
				8A2D9B9E1804CCC000327275 /* SprikeKitSampleIOS-Info.plist */,
				8A2D9B9F1804CCC000327275 /* InfoPlist.strings */,
				8A2D9BA21804CCC000327275 /* main.m */,
				8A2D9BA41804CCC000327275 /* SprikeKitSampleIOS-Prefix.pch */,
			);
			name = "Supporting Files";
			sourceTree = "<group>";
		};
		8A2D9BC01804CCC100327275 /* SprikeKitSampleIOSTests */ = {
			isa = PBXGroup;
			children = (
				8A2D9BC61804CCC100327275 /* SprikeKitSampleIOSTests.m */,
				8A2D9BC11804CCC100327275 /* Supporting Files */,
			);
			path = SprikeKitSampleIOSTests;
			sourceTree = "<group>";
		};
		8A2D9BC11804CCC100327275 /* Supporting Files */ = {
			isa = PBXGroup;
			children = (
				8A2D9BC21804CCC100327275 /* SprikeKitSampleIOSTests-Info.plist */,
				8A2D9BC31804CCC100327275 /* InfoPlist.strings */,
			);
			name = "Supporting Files";
			sourceTree = "<group>";
		};
		8A2D9BD01804D54D00327275 /* SpriteKitSimpleGameResources */ = {
			isa = PBXGroup;
			children = (
				8A2D9BD11804D54D00327275 /* Sounds */,
				8A2D9BD41804D54D00327275 /* sprites.atlas */,
			);
			path = SpriteKitSimpleGameResources;
			sourceTree = "<group>";
		};
		8A2D9BD11804D54D00327275 /* Sounds */ = {
			isa = PBXGroup;
			children = (
				8A2D9BD21804D54D00327275 /* background-music-aac.caf */,
				8A2D9BD31804D54D00327275 /* pew-pew-lei.caf */,
			);
			path = Sounds;
			sourceTree = "<group>";
		};
/* End PBXGroup section */

/* Begin PBXNativeTarget section */
		8A2D9B901804CCC000327275 /* SprikeKitSampleIOS */ = {
			isa = PBXNativeTarget;
			buildConfigurationList = 8A2D9BCA1804CCC100327275 /* Build configuration list for PBXNativeTarget "SprikeKitSampleIOS" */;
			buildPhases = (
				8A2D9B8D1804CCC000327275 /* Sources */,
				8A2D9B8E1804CCC000327275 /* Frameworks */,
				8A2D9B8F1804CCC000327275 /* Resources */,
			);
			buildRules = (
			);
			dependencies = (
			);
			name = SprikeKitSampleIOS;
			productName = SprikeKitSampleIOS;
			productReference = 8A2D9B911804CCC000327275 /* SprikeKitSampleIOS.app */;
			productType = "com.apple.product-type.application";
		};
		8A2D9BB81804CCC100327275 /* SprikeKitSampleIOSTests */ = {
			isa = PBXNativeTarget;
			buildConfigurationList = 8A2D9BCD1804CCC100327275 /* Build configuration list for PBXNativeTarget "SprikeKitSampleIOSTests" */;
			buildPhases = (
				8A2D9BB51804CCC100327275 /* Sources */,
				8A2D9BB61804CCC100327275 /* Frameworks */,
				8A2D9BB71804CCC100327275 /* Resources */,
			);
			buildRules = (
			);
			dependencies = (
				8A2D9BBF1804CCC100327275 /* PBXTargetDependency */,
			);
			name = SprikeKitSampleIOSTests;
			productName = SprikeKitSampleIOSTests;
			productReference = 8A2D9BB91804CCC100327275 /* SprikeKitSampleIOSTests.xctest */;
			productType = "com.apple.product-type.bundle.unit-test";
		};
/* End PBXNativeTarget section */

/* Begin PBXProject section */
		8A2D9B891804CCC000327275 /* Project object */ = {
			isa = PBXProject;
			attributes = {
				LastUpgradeCheck = 0500;
				ORGANIZATIONNAME = "Space Between Studios";
				TargetAttributes = {
					8A2D9BB81804CCC100327275 = {
						TestTargetID = 8A2D9B901804CCC000327275;
					};
				};
			};
			buildConfigurationList = 8A2D9B8C1804CCC000327275 /* Build configuration list for PBXProject "SprikeKitSampleIOS" */;
			compatibilityVersion = "Xcode 3.2";
			developmentRegion = English;
			hasScannedForEncodings = 0;
			knownRegions = (
				en,
				Base,
			);
			mainGroup = 8A2D9B881804CCC000327275;
			productRefGroup = 8A2D9B921804CCC000327275 /* Products */;
			projectDirPath = "";
			projectRoot = "";
			targets = (
				8A2D9B901804CCC000327275 /* SprikeKitSampleIOS */,
				8A2D9BB81804CCC100327275 /* SprikeKitSampleIOSTests */,
			);
		};
/* End PBXProject section */

/* Begin PBXResourcesBuildPhase section */
		8A2D9B8F1804CCC000327275 /* Resources */ = {
			isa = PBXResourcesBuildPhase;
			buildActionMask = 2147483647;
			files = (
				8A2D9BD71804D54D00327275 /* sprites.atlas in Resources */,
				8A2D9BD51804D54D00327275 /* background-music-aac.caf in Resources */,
				8A2D9BA11804CCC000327275 /* InfoPlist.strings in Resources */,
				8A2D9BB41804CCC100327275 /* Images.xcassets in Resources */,
				8A2D9BB21804CCC100327275 /* Spaceship.png in Resources */,
				8A2D9BAA1804CCC000327275 /* Main.storyboard in Resources */,
				8A2D9BD61804D54D00327275 /* pew-pew-lei.caf in Resources */,
			);
			runOnlyForDeploymentPostprocessing = 0;
		};
		8A2D9BB71804CCC100327275 /* Resources */ = {
			isa = PBXResourcesBuildPhase;
			buildActionMask = 2147483647;
			files = (
				8A2D9BC51804CCC100327275 /* InfoPlist.strings in Resources */,
			);
			runOnlyForDeploymentPostprocessing = 0;
		};
/* End PBXResourcesBuildPhase section */

/* Begin PBXSourcesBuildPhase section */
		8A2D9B8D1804CCC000327275 /* Sources */ = {
			isa = PBXSourcesBuildPhase;
			buildActionMask = 2147483647;
			files = (
				8A2D9BB01804CCC000327275 /* MyScene.m in Sources */,
				8A2D9BAD1804CCC000327275 /* ViewController.m in Sources */,
				8A2D9BA71804CCC000327275 /* AppDelegate.m in Sources */,
				8A2D9BA31804CCC000327275 /* main.m in Sources */,
			);
			runOnlyForDeploymentPostprocessing = 0;
		};
		8A2D9BB51804CCC100327275 /* Sources */ = {
			isa = PBXSourcesBuildPhase;
			buildActionMask = 2147483647;
			files = (
				8A2D9BC71804CCC100327275 /* SprikeKitSampleIOSTests.m in Sources */,
			);
			runOnlyForDeploymentPostprocessing = 0;
		};
/* End PBXSourcesBuildPhase section */

/* Begin PBXTargetDependency section */
		8A2D9BBF1804CCC100327275 /* PBXTargetDependency */ = {
			isa = PBXTargetDependency;
			target = 8A2D9B901804CCC000327275 /* SprikeKitSampleIOS */;
			targetProxy = 8A2D9BBE1804CCC100327275 /* PBXContainerItemProxy */;
		};
/* End PBXTargetDependency section */

/* Begin PBXVariantGroup section */
		8A2D9B9F1804CCC000327275 /* InfoPlist.strings */ = {
			isa = PBXVariantGroup;
			children = (
				8A2D9BA01804CCC000327275 /* en */,
			);
			name = InfoPlist.strings;
			sourceTree = "<group>";
		};
		8A2D9BA81804CCC000327275 /* Main.storyboard */ = {
			isa = PBXVariantGroup;
			children = (
				8A2D9BA91804CCC000327275 /* Base */,
			);
			name = Main.storyboard;
			sourceTree = "<group>";
		};
		8A2D9BC31804CCC100327275 /* InfoPlist.strings */ = {
			isa = PBXVariantGroup;
			children = (
				8A2D9BC41804CCC100327275 /* en */,
			);
			name = InfoPlist.strings;
			sourceTree = "<group>";
		};
/* End PBXVariantGroup section */

/* Begin XCBuildConfiguration section */
		8A2D9BC81804CCC100327275 /* Debug */ = {
			isa = XCBuildConfiguration;
			buildSettings = {
				ALWAYS_SEARCH_USER_PATHS = NO;
				ARCHS = "$(ARCHS_STANDARD_INCLUDING_64_BIT)";
				CLANG_CXX_LANGUAGE_STANDARD = "gnu++0x";
				CLANG_CXX_LIBRARY = "libc++";
				CLANG_ENABLE_MODULES = YES;
				CLANG_ENABLE_OBJC_ARC = YES;
				CLANG_WARN_BOOL_CONVERSION = YES;
				CLANG_WARN_CONSTANT_CONVERSION = YES;
				CLANG_WARN_DIRECT_OBJC_ISA_USAGE = YES_ERROR;
				CLANG_WARN_EMPTY_BODY = YES;
				CLANG_WARN_ENUM_CONVERSION = YES;
				CLANG_WARN_INT_CONVERSION = YES;
				CLANG_WARN_OBJC_ROOT_CLASS = YES_ERROR;
				CLANG_WARN__DUPLICATE_METHOD_MATCH = YES;
				"CODE_SIGN_IDENTITY[sdk=iphoneos*]" = "iPhone Developer";
				COPY_PHASE_STRIP = NO;
				GCC_C_LANGUAGE_STANDARD = gnu99;
				GCC_DYNAMIC_NO_PIC = NO;
				GCC_OPTIMIZATION_LEVEL = 0;
				GCC_PREPROCESSOR_DEFINITIONS = (
					"DEBUG=1",
					"$(inherited)",
				);
				GCC_SYMBOLS_PRIVATE_EXTERN = NO;
				GCC_WARN_64_TO_32_BIT_CONVERSION = YES;
				GCC_WARN_ABOUT_RETURN_TYPE = YES_ERROR;
				GCC_WARN_UNDECLARED_SELECTOR = YES;
				GCC_WARN_UNINITIALIZED_AUTOS = YES;
				GCC_WARN_UNUSED_FUNCTION = YES;
				GCC_WARN_UNUSED_VARIABLE = YES;
				IPHONEOS_DEPLOYMENT_TARGET = 7.0;
				ONLY_ACTIVE_ARCH = YES;
				SDKROOT = iphoneos;
			};
			name = Debug;
		};
		8A2D9BC91804CCC100327275 /* Release */ = {
			isa = XCBuildConfiguration;
			buildSettings = {
				ALWAYS_SEARCH_USER_PATHS = NO;
				ARCHS = "$(ARCHS_STANDARD_INCLUDING_64_BIT)";
				CLANG_CXX_LANGUAGE_STANDARD = "gnu++0x";
				CLANG_CXX_LIBRARY = "libc++";
				CLANG_ENABLE_MODULES = YES;
				CLANG_ENABLE_OBJC_ARC = YES;
				CLANG_WARN_BOOL_CONVERSION = YES;
				CLANG_WARN_CONSTANT_CONVERSION = YES;
				CLANG_WARN_DIRECT_OBJC_ISA_USAGE = YES_ERROR;
				CLANG_WARN_EMPTY_BODY = YES;
				CLANG_WARN_ENUM_CONVERSION = YES;
				CLANG_WARN_INT_CONVERSION = YES;
				CLANG_WARN_OBJC_ROOT_CLASS = YES_ERROR;
				CLANG_WARN__DUPLICATE_METHOD_MATCH = YES;
				"CODE_SIGN_IDENTITY[sdk=iphoneos*]" = "iPhone Developer";
				COPY_PHASE_STRIP = YES;
				ENABLE_NS_ASSERTIONS = NO;
				GCC_C_LANGUAGE_STANDARD = gnu99;
				GCC_WARN_64_TO_32_BIT_CONVERSION = YES;
				GCC_WARN_ABOUT_RETURN_TYPE = YES_ERROR;
				GCC_WARN_UNDECLARED_SELECTOR = YES;
				GCC_WARN_UNINITIALIZED_AUTOS = YES;
				GCC_WARN_UNUSED_FUNCTION = YES;
				GCC_WARN_UNUSED_VARIABLE = YES;
				IPHONEOS_DEPLOYMENT_TARGET = 7.0;
				SDKROOT = iphoneos;
				VALIDATE_PRODUCT = YES;
			};
			name = Release;
		};
		8A2D9BCB1804CCC100327275 /* Debug */ = {
			isa = XCBuildConfiguration;
			buildSettings = {
				ASSETCATALOG_COMPILER_APPICON_NAME = AppIcon;
				ASSETCATALOG_COMPILER_LAUNCHIMAGE_NAME = LaunchImage;
				GCC_PRECOMPILE_PREFIX_HEADER = YES;
				GCC_PREFIX_HEADER = "SprikeKitSampleIOS/SprikeKitSampleIOS-Prefix.pch";
				INFOPLIST_FILE = "SprikeKitSampleIOS/SprikeKitSampleIOS-Info.plist";
				PRODUCT_NAME = "$(TARGET_NAME)";
				SPRITEKIT_TEXTURE_ATLAS_OUTPUT = YES;
				WRAPPER_EXTENSION = app;
			};
			name = Debug;
		};
		8A2D9BCC1804CCC100327275 /* Release */ = {
			isa = XCBuildConfiguration;
			buildSettings = {
				ASSETCATALOG_COMPILER_APPICON_NAME = AppIcon;
				ASSETCATALOG_COMPILER_LAUNCHIMAGE_NAME = LaunchImage;
				GCC_PRECOMPILE_PREFIX_HEADER = YES;
				GCC_PREFIX_HEADER = "SprikeKitSampleIOS/SprikeKitSampleIOS-Prefix.pch";
				INFOPLIST_FILE = "SprikeKitSampleIOS/SprikeKitSampleIOS-Info.plist";
				PRODUCT_NAME = "$(TARGET_NAME)";
				SPRITEKIT_TEXTURE_ATLAS_OUTPUT = YES;
				WRAPPER_EXTENSION = app;
			};
			name = Release;
		};
		8A2D9BCE1804CCC100327275 /* Debug */ = {
			isa = XCBuildConfiguration;
			buildSettings = {
				ARCHS = "$(ARCHS_STANDARD_INCLUDING_64_BIT)";
				BUNDLE_LOADER = "$(BUILT_PRODUCTS_DIR)/SprikeKitSampleIOS.app/SprikeKitSampleIOS";
				FRAMEWORK_SEARCH_PATHS = (
					"$(SDKROOT)/Developer/Library/Frameworks",
					"$(inherited)",
					"$(DEVELOPER_FRAMEWORKS_DIR)",
				);
				GCC_PRECOMPILE_PREFIX_HEADER = YES;
				GCC_PREFIX_HEADER = "SprikeKitSampleIOS/SprikeKitSampleIOS-Prefix.pch";
				GCC_PREPROCESSOR_DEFINITIONS = (
					"DEBUG=1",
					"$(inherited)",
				);
				INFOPLIST_FILE = "SprikeKitSampleIOSTests/SprikeKitSampleIOSTests-Info.plist";
				PRODUCT_NAME = "$(TARGET_NAME)";
				TEST_HOST = "$(BUNDLE_LOADER)";
				WRAPPER_EXTENSION = xctest;
			};
			name = Debug;
		};
		8A2D9BCF1804CCC100327275 /* Release */ = {
			isa = XCBuildConfiguration;
			buildSettings = {
				ARCHS = "$(ARCHS_STANDARD_INCLUDING_64_BIT)";
				BUNDLE_LOADER = "$(BUILT_PRODUCTS_DIR)/SprikeKitSampleIOS.app/SprikeKitSampleIOS";
				FRAMEWORK_SEARCH_PATHS = (
					"$(SDKROOT)/Developer/Library/Frameworks",
					"$(inherited)",
					"$(DEVELOPER_FRAMEWORKS_DIR)",
				);
				GCC_PRECOMPILE_PREFIX_HEADER = YES;
				GCC_PREFIX_HEADER = "SprikeKitSampleIOS/SprikeKitSampleIOS-Prefix.pch";
				INFOPLIST_FILE = "SprikeKitSampleIOSTests/SprikeKitSampleIOSTests-Info.plist";
				PRODUCT_NAME = "$(TARGET_NAME)";
				TEST_HOST = "$(BUNDLE_LOADER)";
				WRAPPER_EXTENSION = xctest;
			};
			name = Release;
		};
/* End XCBuildConfiguration section */

/* Begin XCConfigurationList section */
		8A2D9B8C1804CCC000327275 /* Build configuration list for PBXProject "SprikeKitSampleIOS" */ = {
			isa = XCConfigurationList;
			buildConfigurations = (
				8A2D9BC81804CCC100327275 /* Debug */,
				8A2D9BC91804CCC100327275 /* Release */,
			);
			defaultConfigurationIsVisible = 0;
			defaultConfigurationName = Release;
		};
		8A2D9BCA1804CCC100327275 /* Build configuration list for PBXNativeTarget "SprikeKitSampleIOS" */ = {
			isa = XCConfigurationList;
			buildConfigurations = (
				8A2D9BCB1804CCC100327275 /* Debug */,
				8A2D9BCC1804CCC100327275 /* Release */,
			);
			defaultConfigurationIsVisible = 0;
		};
		8A2D9BCD1804CCC100327275 /* Build configuration list for PBXNativeTarget "SprikeKitSampleIOSTests" */ = {
			isa = XCConfigurationList;
			buildConfigurations = (
				8A2D9BCE1804CCC100327275 /* Debug */,
				8A2D9BCF1804CCC100327275 /* Release */,
			);
			defaultConfigurationIsVisible = 0;
		};
/* End XCConfigurationList section */
	};
	rootObject = 8A2D9B891804CCC000327275 /* Project object */;
}
